
Microsoft Visual Studio Solution File, Format Version 12.00
# Visual Studio Version 16
VisualStudioVersion = 16.0.30717.126
MinimumVisualStudioVersion = 10.0.40219.1
Project("{FAE04EC0-301F-11D3-BF4B-00C04F79EFBC}") = "DataCompare", "DataCompare.csproj", "{BAE9037E-D0AE-462D-9CCB-4877E62025ED}"
EndProject
Global
	GlobalSection(SolutionConfigurationPlatforms) = preSolution
		Debug|Any CPU = Debug|Any CPU
		Release|Any CPU = Release|Any CPU
	EndGlobalSection
	GlobalSection(ProjectConfigurationPlatforms) = postSolution
		{BAE9037E-D0AE-462D-9CCB-4877E62025ED}.Debug|Any CPU.ActiveCfg = Debug|Any CPU
		{BAE9037E-D0AE-462D-9CCB-4877E62025ED}.Debug|Any CPU.Build.0 = Debug|Any CPU
		{BAE9037E-D0AE-462D-9CCB-4877E62025ED}.Release|Any CPU.ActiveCfg = Release|Any CPU
		{BAE9037E-D0AE-462D-9CCB-4877E62025ED}.Release|Any CPU.Build.0 = Release|Any CPU
	EndGlobalSection
	GlobalSection(SolutionProperties) = preSolution
		HideSolutionNode = FALSE
	EndGlobalSection
	GlobalSection(ExtensibilityGlobals) = postSolution
		SolutionGuid = {93F4A523-7DCC-477E-A393-B8BBC4C4DB28}
	EndGlobalSection
EndGlobal
